
Microsoft Visual Studio Solution File, Format Version 12.00
# Visual Studio Version 17
VisualStudioVersion = 17.6.33829.357
MinimumVisualStudioVersion = 10.0.40219.1
Project("{FAE04EC0-301F-11D3-BF4B-00C04F79EFBC}") = "Department prject PL", "Department prject PL\Department prject PL.csproj", "{0C310E5C-71E4-4BCD-BDDE-32715DCD0482}"
EndProject
Project("{FAE04EC0-301F-11D3-BF4B-00C04F79EFBC}") = "Department project DAL", "Department project DAL\Department project DAL.csproj", "{4DECC2F5-CB8C-4479-8A9B-DE18A83CF42A}"
EndProject
Project("{FAE04EC0-301F-11D3-BF4B-00C04F79EFBC}") = "Deapartment project BLL", "Deapartment project PL\Deapartment project BLL.csproj", "{92CB7289-4C37-4265-B384-BCA25A7DD398}"
EndProject
Global
	GlobalSection(SolutionConfigurationPlatforms) = preSolution
		Debug|Any CPU = Debug|Any CPU
		Release|Any CPU = Release|Any CPU
	EndGlobalSection
	GlobalSection(ProjectConfigurationPlatforms) = postSolution
		{0C310E5C-71E4-4BCD-BDDE-32715DCD0482}.Debug|Any CPU.ActiveCfg = Debug|Any CPU
		{0C310E5C-71E4-4BCD-BDDE-32715DCD0482}.Debug|Any CPU.Build.0 = Debug|Any CPU
		{0C310E5C-71E4-4BCD-BDDE-32715DCD0482}.Release|Any CPU.ActiveCfg = Release|Any CPU
		{0C310E5C-71E4-4BCD-BDDE-32715DCD0482}.Release|Any CPU.Build.0 = Release|Any CPU
		{4DECC2F5-CB8C-4479-8A9B-DE18A83CF42A}.Debug|Any CPU.ActiveCfg = Debug|Any CPU
		{4DECC2F5-CB8C-4479-8A9B-DE18A83CF42A}.Debug|Any CPU.Build.0 = Debug|Any CPU
		{4DECC2F5-CB8C-4479-8A9B-DE18A83CF42A}.Release|Any CPU.ActiveCfg = Release|Any CPU
		{4DECC2F5-CB8C-4479-8A9B-DE18A83CF42A}.Release|Any CPU.Build.0 = Release|Any CPU
		{92CB7289-4C37-4265-B384-BCA25A7DD398}.Debug|Any CPU.ActiveCfg = Debug|Any CPU
		{92CB7289-4C37-4265-B384-BCA25A7DD398}.Debug|Any CPU.Build.0 = Debug|Any CPU
		{92CB7289-4C37-4265-B384-BCA25A7DD398}.Release|Any CPU.ActiveCfg = Release|Any CPU
		{92CB7289-4C37-4265-B384-BCA25A7DD398}.Release|Any CPU.Build.0 = Release|Any CPU
	EndGlobalSection
	GlobalSection(SolutionProperties) = preSolution
		HideSolutionNode = FALSE
	EndGlobalSection
	GlobalSection(ExtensibilityGlobals) = postSolution
		SolutionGuid = {DD58EC06-B535-4446-A94F-A3D5B6E94A84}
	EndGlobalSection
EndGlobal
